
Microsoft Visual Studio Solution File, Format Version 12.00
# Visual Studio 15
VisualStudioVersion = 15.0.27130.2027
MinimumVisualStudioVersion = 10.0.40219.1
Project("{9A19103F-16F7-4668-BE54-9A1E7A4F7556}") = "PgSql", "PgSql\PgSql.csproj", "{CC82B298-CB4A-43DB-909B-D07C4F92F83D}"
EndProject
Project("{9A19103F-16F7-4668-BE54-9A1E7A4F7556}") = "PgSql.Tests", "PgSql.Tests\PgSql.Tests.csproj", "{44ACA391-E76C-496D-8CE0-76C3A16AE581}"
EndProject
Project("{9A19103F-16F7-4668-BE54-9A1E7A4F7556}") = "CmdTests", "CmdTests\CmdTests.csproj", "{D9EEF842-8AEB-4CAA-8662-6D098092BE73}"
EndProject
Global
	GlobalSection(SolutionConfigurationPlatforms) = preSolution
		Debug|Any CPU = Debug|Any CPU
		Release|Any CPU = Release|Any CPU
	EndGlobalSection
	GlobalSection(ProjectConfigurationPlatforms) = postSolution
		{CC82B298-CB4A-43DB-909B-D07C4F92F83D}.Debug|Any CPU.ActiveCfg = Debug|Any CPU
		{CC82B298-CB4A-43DB-909B-D07C4F92F83D}.Debug|Any CPU.Build.0 = Debug|Any CPU
		{CC82B298-CB4A-43DB-909B-D07C4F92F83D}.Release|Any CPU.ActiveCfg = Release|Any CPU
		{CC82B298-CB4A-43DB-909B-D07C4F92F83D}.Release|Any CPU.Build.0 = Release|Any CPU
		{44ACA391-E76C-496D-8CE0-76C3A16AE581}.Debug|Any CPU.ActiveCfg = Debug|Any CPU
		{44ACA391-E76C-496D-8CE0-76C3A16AE581}.Debug|Any CPU.Build.0 = Debug|Any CPU
		{44ACA391-E76C-496D-8CE0-76C3A16AE581}.Release|Any CPU.ActiveCfg = Release|Any CPU
		{44ACA391-E76C-496D-8CE0-76C3A16AE581}.Release|Any CPU.Build.0 = Release|Any CPU
		{D9EEF842-8AEB-4CAA-8662-6D098092BE73}.Debug|Any CPU.ActiveCfg = Debug|Any CPU
		{D9EEF842-8AEB-4CAA-8662-6D098092BE73}.Debug|Any CPU.Build.0 = Debug|Any CPU
		{D9EEF842-8AEB-4CAA-8662-6D098092BE73}.Release|Any CPU.ActiveCfg = Release|Any CPU
		{D9EEF842-8AEB-4CAA-8662-6D098092BE73}.Release|Any CPU.Build.0 = Release|Any CPU
	EndGlobalSection
	GlobalSection(SolutionProperties) = preSolution
		HideSolutionNode = FALSE
	EndGlobalSection
	GlobalSection(ExtensibilityGlobals) = postSolution
		SolutionGuid = {0BC8C466-F2CB-4767-AE36-F26EB0144CA1}
	EndGlobalSection
EndGlobal
